// !$*UTF8*$!
{
	archiveVersion = 1;
	classes = {
	};
	objectVersion = 50;
	objects = {

/* Begin PBXBuildFile section */
		17A2DED813E7E06C83C19482 /* Pods_SmartHanYang.framework in Frameworks */ = {isa = PBXBuildFile; fileRef = 666F3E54E112B992B392C915 /* Pods_SmartHanYang.framework */; };
		6F8DD1DD20BF7FA200525298 /* OuterRestaurant.swift in Sources */ = {isa = PBXBuildFile; fileRef = 6F8DD1DC20BF7FA200525298 /* OuterRestaurant.swift */; };
		6F8DD1DF20BF7FFE00525298 /* Meal.swift in Sources */ = {isa = PBXBuildFile; fileRef = 6F8DD1DE20BF7FFE00525298 /* Meal.swift */; };
		6F8DD1E120BF867B00525298 /* InnerRestaurant.swift in Sources */ = {isa = PBXBuildFile; fileRef = 6F8DD1E020BF867B00525298 /* InnerRestaurant.swift */; };
		6F8DD1E320BF95F400525298 /* ResataurantManager.swift in Sources */ = {isa = PBXBuildFile; fileRef = 6F8DD1E220BF95F400525298 /* ResataurantManager.swift */; };
		E300793B20BA72550089A9D7 /* GoajeTableViewCell.swift in Sources */ = {isa = PBXBuildFile; fileRef = E300793820BA72540089A9D7 /* GoajeTableViewCell.swift */; };
		E300793C20BA72550089A9D7 /* SaveGoajaeController.swift in Sources */ = {isa = PBXBuildFile; fileRef = E300793920BA72550089A9D7 /* SaveGoajaeController.swift */; };
		E300793D20BA72550089A9D7 /* GoajeTableViewController.swift in Sources */ = {isa = PBXBuildFile; fileRef = E300793A20BA72550089A9D7 /* GoajeTableViewController.swift */; };
		F90FB8EE20A8DC02001077E9 /* LectureDataMager.swift in Sources */ = {isa = PBXBuildFile; fileRef = F90FB8ED20A8DC02001077E9 /* LectureDataMager.swift */; };
		F90FB8F020A8EB2C001077E9 /* Goaje.swift in Sources */ = {isa = PBXBuildFile; fileRef = F90FB8EF20A8EB2C001077E9 /* Goaje.swift */; };
		F90FB8F220A8EB6C001077E9 /* GoajeDataManager.swift in Sources */ = {isa = PBXBuildFile; fileRef = F90FB8F120A8EB6C001077E9 /* GoajeDataManager.swift */; };
		F90FB8F420A912A0001077E9 /* GonggangCell.swift in Sources */ = {isa = PBXBuildFile; fileRef = F90FB8F320A912A0001077E9 /* GonggangCell.swift */; };
		F910BA7620A448EC00E15F90 /* SuupTableViewCell.swift in Sources */ = {isa = PBXBuildFile; fileRef = F910BA7520A448EC00E15F90 /* SuupTableViewCell.swift */; };
		F91DCFDA20A57F42003A4161 /* Suup.storyboard in Resources */ = {isa = PBXBuildFile; fileRef = F91DCFD820A57F42003A4161 /* Suup.storyboard */; };
		F91DCFDE20A5814A003A4161 /* Goaje.storyboard in Resources */ = {isa = PBXBuildFile; fileRef = F91DCFDC20A5814A003A4161 /* Goaje.storyboard */; };
		F91DCFE320A58C3D003A4161 /* example in Resources */ = {isa = PBXBuildFile; fileRef = F91DCFE220A58C3D003A4161 /* example */; };
		F91DCFE520A58D10003A4161 /* ParseJson.swift in Sources */ = {isa = PBXBuildFile; fileRef = F91DCFE420A58D10003A4161 /* ParseJson.swift */; };
		F955200F20A6882700FB08E8 /* Login.storyboard in Resources */ = {isa = PBXBuildFile; fileRef = F955200E20A6882700FB08E8 /* Login.storyboard */; };
		F955201120A6886700FB08E8 /* LoginViewController.swift in Sources */ = {isa = PBXBuildFile; fileRef = F955201020A6886700FB08E8 /* LoginViewController.swift */; };
		F96DFB9220A42E4300997614 /* AppDelegate.swift in Sources */ = {isa = PBXBuildFile; fileRef = F96DFB9120A42E4300997614 /* AppDelegate.swift */; };
		F96DFB9420A42E4300997614 /* ViewController.swift in Sources */ = {isa = PBXBuildFile; fileRef = F96DFB9320A42E4300997614 /* ViewController.swift */; };
		F96DFB9720A42E4300997614 /* Main.storyboard in Resources */ = {isa = PBXBuildFile; fileRef = F96DFB9520A42E4300997614 /* Main.storyboard */; };
		F96DFB9C20A42E4400997614 /* LaunchScreen.storyboard in Resources */ = {isa = PBXBuildFile; fileRef = F96DFB9A20A42E4400997614 /* LaunchScreen.storyboard */; };
		F96DFBA420A4315600997614 /* SuupTableViewController.swift in Sources */ = {isa = PBXBuildFile; fileRef = F96DFBA320A4315600997614 /* SuupTableViewController.swift */; };
		F96DFBAD20A4467D00997614 /* Lecture.swift in Sources */ = {isa = PBXBuildFile; fileRef = F96DFBAC20A4467C00997614 /* Lecture.swift */; };
		F98942B420AABC7000905CB2 /* EditSuupViewController.swift in Sources */ = {isa = PBXBuildFile; fileRef = F98942B320AABC7000905CB2 /* EditSuupViewController.swift */; };
		F98942B820AAC46400905CB2 /* LecturePicker.swift in Sources */ = {isa = PBXBuildFile; fileRef = F98942B720AAC46400905CB2 /* LecturePicker.swift */; };
		F98942BA20AADB3200905CB2 /* LectureTimePicker.swift in Sources */ = {isa = PBXBuildFile; fileRef = F98942B920AADB3200905CB2 /* LectureTimePicker.swift */; };
		F98942BC20AC0E1800905CB2 /* LectureDatePicker.swift in Sources */ = {isa = PBXBuildFile; fileRef = F98942BB20AC0E1700905CB2 /* LectureDatePicker.swift */; };
		F98942BF20AF2AB100905CB2 /* UtilFuncs.swift in Sources */ = {isa = PBXBuildFile; fileRef = F98942BE20AF2AB100905CB2 /* UtilFuncs.swift */; };
		F98942D820B6BAF300905CB2 /* TimeTableView.swift in Sources */ = {isa = PBXBuildFile; fileRef = F98942D720B6BAF300905CB2 /* TimeTableView.swift */; };
/* End PBXBuildFile section */

/* Begin PBXFileReference section */
		666F3E54E112B992B392C915 /* Pods_SmartHanYang.framework */ = {isa = PBXFileReference; explicitFileType = wrapper.framework; includeInIndex = 0; path = Pods_SmartHanYang.framework; sourceTree = BUILT_PRODUCTS_DIR; };
		6F8DD1DC20BF7FA200525298 /* OuterRestaurant.swift */ = {isa = PBXFileReference; lastKnownFileType = sourcecode.swift; path = OuterRestaurant.swift; sourceTree = "<group>"; };
		6F8DD1DE20BF7FFE00525298 /* Meal.swift */ = {isa = PBXFileReference; lastKnownFileType = sourcecode.swift; path = Meal.swift; sourceTree = "<group>"; };
		6F8DD1E020BF867B00525298 /* InnerRestaurant.swift */ = {isa = PBXFileReference; lastKnownFileType = sourcecode.swift; path = InnerRestaurant.swift; sourceTree = "<group>"; };
		6F8DD1E220BF95F400525298 /* ResataurantManager.swift */ = {isa = PBXFileReference; lastKnownFileType = sourcecode.swift; path = ResataurantManager.swift; sourceTree = "<group>"; };
		88313F3567C407636023779F /* Pods-SmartHanYang.release.xcconfig */ = {isa = PBXFileReference; includeInIndex = 1; lastKnownFileType = text.xcconfig; name = "Pods-SmartHanYang.release.xcconfig"; path = "Pods/Target Support Files/Pods-SmartHanYang/Pods-SmartHanYang.release.xcconfig"; sourceTree = "<group>"; };
		CA3DD5FE608F5E983A631046 /* Pods-SmartHanYang.debug.xcconfig */ = {isa = PBXFileReference; includeInIndex = 1; lastKnownFileType = text.xcconfig; name = "Pods-SmartHanYang.debug.xcconfig"; path = "Pods/Target Support Files/Pods-SmartHanYang/Pods-SmartHanYang.debug.xcconfig"; sourceTree = "<group>"; };
		E300793820BA72540089A9D7 /* GoajeTableViewCell.swift */ = {isa = PBXFileReference; fileEncoding = 4; lastKnownFileType = sourcecode.swift; name = GoajeTableViewCell.swift; path = GoajeViewClasses/GoajeTableViewCell.swift; sourceTree = "<group>"; };
		E300793920BA72550089A9D7 /* SaveGoajaeController.swift */ = {isa = PBXFileReference; fileEncoding = 4; lastKnownFileType = sourcecode.swift; name = SaveGoajaeController.swift; path = GoajeViewClasses/SaveGoajaeController.swift; sourceTree = "<group>"; };
		E300793A20BA72550089A9D7 /* GoajeTableViewController.swift */ = {isa = PBXFileReference; fileEncoding = 4; lastKnownFileType = sourcecode.swift; name = GoajeTableViewController.swift; path = GoajeViewClasses/GoajeTableViewController.swift; sourceTree = "<group>"; };
		F90FB8ED20A8DC02001077E9 /* LectureDataMager.swift */ = {isa = PBXFileReference; lastKnownFileType = sourcecode.swift; path = LectureDataMager.swift; sourceTree = "<group>"; };
		F90FB8EF20A8EB2C001077E9 /* Goaje.swift */ = {isa = PBXFileReference; lastKnownFileType = sourcecode.swift; path = Goaje.swift; sourceTree = "<group>"; };
		F90FB8F120A8EB6C001077E9 /* GoajeDataManager.swift */ = {isa = PBXFileReference; lastKnownFileType = sourcecode.swift; path = GoajeDataManager.swift; sourceTree = "<group>"; };
		F90FB8F320A912A0001077E9 /* GonggangCell.swift */ = {isa = PBXFileReference; lastKnownFileType = sourcecode.swift; path = GonggangCell.swift; sourceTree = "<group>"; };
		F910BA7520A448EC00E15F90 /* SuupTableViewCell.swift */ = {isa = PBXFileReference; lastKnownFileType = sourcecode.swift; path = SuupTableViewCell.swift; sourceTree = "<group>"; };
		F91DCFD920A57F42003A4161 /* Base */ = {isa = PBXFileReference; lastKnownFileType = file.storyboard; name = Base; path = SmartHanYang/Base.lproj/Suup.storyboard; sourceTree = "<group>"; };
		F91DCFDD20A5814A003A4161 /* Base */ = {isa = PBXFileReference; lastKnownFileType = file.storyboard; name = Base; path = SmartHanYang/Base.lproj/Goaje.storyboard; sourceTree = "<group>"; };
		F91DCFE220A58C3D003A4161 /* example */ = {isa = PBXFileReference; lastKnownFileType = text; path = example; sourceTree = "<group>"; };
		F91DCFE420A58D10003A4161 /* ParseJson.swift */ = {isa = PBXFileReference; lastKnownFileType = sourcecode.swift; path = ParseJson.swift; sourceTree = "<group>"; };
		F955200E20A6882700FB08E8 /* Login.storyboard */ = {isa = PBXFileReference; lastKnownFileType = file.storyboard; path = Login.storyboard; sourceTree = "<group>"; };
		F955201020A6886700FB08E8 /* LoginViewController.swift */ = {isa = PBXFileReference; lastKnownFileType = sourcecode.swift; path = LoginViewController.swift; sourceTree = "<group>"; };
		F96DFB8E20A42E4300997614 /* SmartHanYang.app */ = {isa = PBXFileReference; explicitFileType = wrapper.application; includeInIndex = 0; path = SmartHanYang.app; sourceTree = BUILT_PRODUCTS_DIR; };
		F96DFB9120A42E4300997614 /* AppDelegate.swift */ = {isa = PBXFileReference; lastKnownFileType = sourcecode.swift; path = AppDelegate.swift; sourceTree = "<group>"; };
		F96DFB9320A42E4300997614 /* ViewController.swift */ = {isa = PBXFileReference; lastKnownFileType = sourcecode.swift; path = ViewController.swift; sourceTree = "<group>"; };
		F96DFB9620A42E4300997614 /* Base */ = {isa = PBXFileReference; lastKnownFileType = file.storyboard; name = Base; path = Base.lproj/Main.storyboard; sourceTree = "<group>"; };
		F96DFB9B20A42E4400997614 /* Base */ = {isa = PBXFileReference; lastKnownFileType = file.storyboard; name = Base; path = Base.lproj/LaunchScreen.storyboard; sourceTree = "<group>"; };
		F96DFB9D20A42E4400997614 /* Info.plist */ = {isa = PBXFileReference; lastKnownFileType = text.plist.xml; path = Info.plist; sourceTree = "<group>"; };
		F96DFBA320A4315600997614 /* SuupTableViewController.swift */ = {isa = PBXFileReference; lastKnownFileType = sourcecode.swift; path = SuupTableViewController.swift; sourceTree = "<group>"; };
		F96DFBAC20A4467C00997614 /* Lecture.swift */ = {isa = PBXFileReference; fileEncoding = 4; lastKnownFileType = sourcecode.swift; path = Lecture.swift; sourceTree = "<group>"; };
		F98942B320AABC7000905CB2 /* EditSuupViewController.swift */ = {isa = PBXFileReference; lastKnownFileType = sourcecode.swift; path = EditSuupViewController.swift; sourceTree = "<group>"; };
		F98942B720AAC46400905CB2 /* LecturePicker.swift */ = {isa = PBXFileReference; lastKnownFileType = sourcecode.swift; path = LecturePicker.swift; sourceTree = "<group>"; };
		F98942B920AADB3200905CB2 /* LectureTimePicker.swift */ = {isa = PBXFileReference; lastKnownFileType = sourcecode.swift; path = LectureTimePicker.swift; sourceTree = "<group>"; };
		F98942BB20AC0E1700905CB2 /* LectureDatePicker.swift */ = {isa = PBXFileReference; lastKnownFileType = sourcecode.swift; path = LectureDatePicker.swift; sourceTree = "<group>"; };
		F98942BE20AF2AB100905CB2 /* UtilFuncs.swift */ = {isa = PBXFileReference; lastKnownFileType = sourcecode.swift; path = UtilFuncs.swift; sourceTree = "<group>"; };
		F98942D720B6BAF300905CB2 /* TimeTableView.swift */ = {isa = PBXFileReference; lastKnownFileType = sourcecode.swift; path = TimeTableView.swift; sourceTree = "<group>"; };
/* End PBXFileReference section */

/* Begin PBXFrameworksBuildPhase section */
		F96DFB8B20A42E4300997614 /* Frameworks */ = {
			isa = PBXFrameworksBuildPhase;
			buildActionMask = 2147483647;
			files = (
				17A2DED813E7E06C83C19482 /* Pods_SmartHanYang.framework in Frameworks */,
			);
			runOnlyForDeploymentPostprocessing = 0;
		};
/* End PBXFrameworksBuildPhase section */

/* Begin PBXGroup section */
		6F8DD1DB20BF7F7800525298 /* Restaurant */ = {
			isa = PBXGroup;
			children = (
				6F8DD1DC20BF7FA200525298 /* OuterRestaurant.swift */,
				6F8DD1DE20BF7FFE00525298 /* Meal.swift */,
				6F8DD1E020BF867B00525298 /* InnerRestaurant.swift */,
				6F8DD1E220BF95F400525298 /* ResataurantManager.swift */,
			);
			path = Restaurant;
			sourceTree = "<group>";
		};
		9569696F9572352FDF189102 /* Frameworks */ = {
			isa = PBXGroup;
			children = (
				666F3E54E112B992B392C915 /* Pods_SmartHanYang.framework */,
			);
			name = Frameworks;
			sourceTree = "<group>";
		};
		B0726CA7F6BDB220D88621A5 /* Pods */ = {
			isa = PBXGroup;
			children = (
				CA3DD5FE608F5E983A631046 /* Pods-SmartHanYang.debug.xcconfig */,
				88313F3567C407636023779F /* Pods-SmartHanYang.release.xcconfig */,
			);
			name = Pods;
			sourceTree = "<group>";
		};
		F910BA7420A448CA00E15F90 /* SuupViewClasses */ = {
			isa = PBXGroup;
			children = (
				F90FB8F320A912A0001077E9 /* GonggangCell.swift */,
				F910BA7520A448EC00E15F90 /* SuupTableViewCell.swift */,
				F96DFBA320A4315600997614 /* SuupTableViewController.swift */,
				F98942B320AABC7000905CB2 /* EditSuupViewController.swift */,
				F98942B720AAC46400905CB2 /* LecturePicker.swift */,
				F98942B920AADB3200905CB2 /* LectureTimePicker.swift */,
				F98942BB20AC0E1700905CB2 /* LectureDatePicker.swift */,
				F98942D720B6BAF300905CB2 /* TimeTableView.swift */,
			);
			path = SuupViewClasses;
			sourceTree = "<group>";
		};
		F91DCFDB20A57F4B003A4161 /* StoryBoards */ = {
			isa = PBXGroup;
			children = (
				F96DFB9520A42E4300997614 /* Main.storyboard */,
				F96DFB9A20A42E4400997614 /* LaunchScreen.storyboard */,
				F91DCFD820A57F42003A4161 /* Suup.storyboard */,
				F91DCFDC20A5814A003A4161 /* Goaje.storyboard */,
				F955200E20A6882700FB08E8 /* Login.storyboard */,
			);
			path = StoryBoards;
			sourceTree = "<group>";
		};
		F91DCFDF20A5884B003A4161 /* Parsing */ = {
			isa = PBXGroup;
			children = (
				F955201020A6886700FB08E8 /* LoginViewController.swift */,
				F91DCFE220A58C3D003A4161 /* example */,
				F91DCFE420A58D10003A4161 /* ParseJson.swift */,
			);
			path = Parsing;
			sourceTree = "<group>";
		};
		F96DFB8520A42E4300997614 = {
			isa = PBXGroup;
			children = (
				6F8DD1DB20BF7F7800525298 /* Restaurant */,
				F91DCFDB20A57F4B003A4161 /* StoryBoards */,
				F96DFB9020A42E4300997614 /* SmartHanYang */,
				F96DFB8F20A42E4300997614 /* Products */,
				B0726CA7F6BDB220D88621A5 /* Pods */,
				9569696F9572352FDF189102 /* Frameworks */,
			);
			sourceTree = "<group>";
		};
		F96DFB8F20A42E4300997614 /* Products */ = {
			isa = PBXGroup;
			children = (
				F96DFB8E20A42E4300997614 /* SmartHanYang.app */,
			);
			name = Products;
			sourceTree = "<group>";
		};
		F96DFB9020A42E4300997614 /* SmartHanYang */ = {
			isa = PBXGroup;
			children = (
				E300793820BA72540089A9D7 /* GoajeTableViewCell.swift */,
				E300793A20BA72550089A9D7 /* GoajeTableViewController.swift */,
				E300793920BA72550089A9D7 /* SaveGoajaeController.swift */,
				F91DCFDF20A5884B003A4161 /* Parsing */,
				F910BA7420A448CA00E15F90 /* SuupViewClasses */,
				F96DFBAB20A4466400997614 /* ModelClasses */,
				F96DFB9320A42E4300997614 /* ViewController.swift */,
				F96DFB9120A42E4300997614 /* AppDelegate.swift */,
				F96DFB9D20A42E4400997614 /* Info.plist */,
				F98942BE20AF2AB100905CB2 /* UtilFuncs.swift */,
			);
			path = SmartHanYang;
			sourceTree = "<group>";
		};
		F96DFBAB20A4466400997614 /* ModelClasses */ = {
			isa = PBXGroup;
			children = (
				F96DFBAC20A4467C00997614 /* Lecture.swift */,
				F90FB8ED20A8DC02001077E9 /* LectureDataMager.swift */,
				F90FB8EF20A8EB2C001077E9 /* Goaje.swift */,
				F90FB8F120A8EB6C001077E9 /* GoajeDataManager.swift */,
			);
			path = ModelClasses;
			sourceTree = "<group>";
		};
/* End PBXGroup section */

/* Begin PBXNativeTarget section */
		F96DFB8D20A42E4300997614 /* SmartHanYang */ = {
			isa = PBXNativeTarget;
			buildConfigurationList = F96DFBA020A42E4400997614 /* Build configuration list for PBXNativeTarget "SmartHanYang" */;
			buildPhases = (
				866E60FBCF2BB3E9FED822EA /* [CP] Check Pods Manifest.lock */,
				F96DFB8A20A42E4300997614 /* Sources */,
				F96DFB8B20A42E4300997614 /* Frameworks */,
				F96DFB8C20A42E4300997614 /* Resources */,
				8E22AFB2457E9B32065D49D7 /* [CP] Embed Pods Frameworks */,
			);
			buildRules = (
			);
			dependencies = (
			);
			name = SmartHanYang;
			productName = SmartHanYang;
			productReference = F96DFB8E20A42E4300997614 /* SmartHanYang.app */;
			productType = "com.apple.product-type.application";
		};
/* End PBXNativeTarget section */

/* Begin PBXProject section */
		F96DFB8620A42E4300997614 /* Project object */ = {
			isa = PBXProject;
			attributes = {
				LastSwiftUpdateCheck = 0930;
				LastUpgradeCheck = 0930;
				ORGANIZATIONNAME = graph;
				TargetAttributes = {
					F96DFB8D20A42E4300997614 = {
						CreatedOnToolsVersion = 9.3;
					};
				};
			};
			buildConfigurationList = F96DFB8920A42E4300997614 /* Build configuration list for PBXProject "SmartHanYang" */;
			compatibilityVersion = "Xcode 9.3";
			developmentRegion = en;
			hasScannedForEncodings = 0;
			knownRegions = (
				en,
				Base,
			);
			mainGroup = F96DFB8520A42E4300997614;
			productRefGroup = F96DFB8F20A42E4300997614 /* Products */;
			projectDirPath = "";
			projectRoot = "";
			targets = (
				F96DFB8D20A42E4300997614 /* SmartHanYang */,
			);
		};
/* End PBXProject section */

/* Begin PBXResourcesBuildPhase section */
		F96DFB8C20A42E4300997614 /* Resources */ = {
			isa = PBXResourcesBuildPhase;
			buildActionMask = 2147483647;
			files = (
				F955200F20A6882700FB08E8 /* Login.storyboard in Resources */,
				F96DFB9C20A42E4400997614 /* LaunchScreen.storyboard in Resources */,
				F91DCFDE20A5814A003A4161 /* Goaje.storyboard in Resources */,
				F91DCFE320A58C3D003A4161 /* example in Resources */,
				F96DFB9720A42E4300997614 /* Main.storyboard in Resources */,
				F91DCFDA20A57F42003A4161 /* Suup.storyboard in Resources */,
			);
			runOnlyForDeploymentPostprocessing = 0;
		};
/* End PBXResourcesBuildPhase section */

/* Begin PBXShellScriptBuildPhase section */
		866E60FBCF2BB3E9FED822EA /* [CP] Check Pods Manifest.lock */ = {
			isa = PBXShellScriptBuildPhase;
			buildActionMask = 2147483647;
			files = (
			);
			inputPaths = (
				"${PODS_PODFILE_DIR_PATH}/Podfile.lock",
				"${PODS_ROOT}/Manifest.lock",
			);
			name = "[CP] Check Pods Manifest.lock";
			outputPaths = (
				"$(DERIVED_FILE_DIR)/Pods-SmartHanYang-checkManifestLockResult.txt",
			);
			runOnlyForDeploymentPostprocessing = 0;
			shellPath = /bin/sh;
			shellScript = "diff \"${PODS_PODFILE_DIR_PATH}/Podfile.lock\" \"${PODS_ROOT}/Manifest.lock\" > /dev/null\nif [ $? != 0 ] ; then\n    # print error to STDERR\n    echo \"error: The sandbox is not in sync with the Podfile.lock. Run 'pod install' or update your CocoaPods installation.\" >&2\n    exit 1\nfi\n# This output is used by Xcode 'outputs' to avoid re-running this script phase.\necho \"SUCCESS\" > \"${SCRIPT_OUTPUT_FILE_0}\"\n";
			showEnvVarsInLog = 0;
		};
		8E22AFB2457E9B32065D49D7 /* [CP] Embed Pods Frameworks */ = {
			isa = PBXShellScriptBuildPhase;
			buildActionMask = 2147483647;
			files = (
			);
			inputPaths = (
				"${SRCROOT}/Pods/Target Support Files/Pods-SmartHanYang/Pods-SmartHanYang-frameworks.sh",
				"${BUILT_PRODUCTS_DIR}/BEMCheckBox/BEMCheckBox.framework",
				"${BUILT_PRODUCTS_DIR}/WKZombie/WKZombie.framework",
				"${BUILT_PRODUCTS_DIR}/hpple/hpple.framework",
			);
			name = "[CP] Embed Pods Frameworks";
			outputPaths = (
				"${TARGET_BUILD_DIR}/${FRAMEWORKS_FOLDER_PATH}/BEMCheckBox.framework",
				"${TARGET_BUILD_DIR}/${FRAMEWORKS_FOLDER_PATH}/WKZombie.framework",
				"${TARGET_BUILD_DIR}/${FRAMEWORKS_FOLDER_PATH}/hpple.framework",
			);
			runOnlyForDeploymentPostprocessing = 0;
			shellPath = /bin/sh;
			shellScript = "\"${SRCROOT}/Pods/Target Support Files/Pods-SmartHanYang/Pods-SmartHanYang-frameworks.sh\"\n";
			showEnvVarsInLog = 0;
		};
/* End PBXShellScriptBuildPhase section */

/* Begin PBXSourcesBuildPhase section */
		F96DFB8A20A42E4300997614 /* Sources */ = {
			isa = PBXSourcesBuildPhase;
			buildActionMask = 2147483647;
			files = (
				F90FB8F020A8EB2C001077E9 /* Goaje.swift in Sources */,
				F90FB8EE20A8DC02001077E9 /* LectureDataMager.swift in Sources */,
				F96DFB9420A42E4300997614 /* ViewController.swift in Sources */,
				E300793B20BA72550089A9D7 /* GoajeTableViewCell.swift in Sources */,
				6F8DD1DF20BF7FFE00525298 /* Meal.swift in Sources */,
				F910BA7620A448EC00E15F90 /* SuupTableViewCell.swift in Sources */,
				F90FB8F220A8EB6C001077E9 /* GoajeDataManager.swift in Sources */,
				6F8DD1E120BF867B00525298 /* InnerRestaurant.swift in Sources */,
				6F8DD1E320BF95F400525298 /* ResataurantManager.swift in Sources */,
				F91DCFE520A58D10003A4161 /* ParseJson.swift in Sources */,
				F90FB8F420A912A0001077E9 /* GonggangCell.swift in Sources */,
				F98942BF20AF2AB100905CB2 /* UtilFuncs.swift in Sources */,
				E300793C20BA72550089A9D7 /* SaveGoajaeController.swift in Sources */,
				F96DFB9220A42E4300997614 /* AppDelegate.swift in Sources */,
				F955201120A6886700FB08E8 /* LoginViewController.swift in Sources */,
				F98942B820AAC46400905CB2 /* LecturePicker.swift in Sources */,
				E300793D20BA72550089A9D7 /* GoajeTableViewController.swift in Sources */,
				F98942B420AABC7000905CB2 /* EditSuupViewController.swift in Sources */,
				F96DFBAD20A4467D00997614 /* Lecture.swift in Sources */,
				6F8DD1DD20BF7FA200525298 /* OuterRestaurant.swift in Sources */,
				F96DFBA420A4315600997614 /* SuupTableViewController.swift in Sources */,
				F98942BA20AADB3200905CB2 /* LectureTimePicker.swift in Sources */,
				F98942D820B6BAF300905CB2 /* TimeTableView.swift in Sources */,
				F98942BC20AC0E1800905CB2 /* LectureDatePicker.swift in Sources */,
			);
			runOnlyForDeploymentPostprocessing = 0;
		};
/* End PBXSourcesBuildPhase section */

/* Begin PBXVariantGroup section */
		F91DCFD820A57F42003A4161 /* Suup.storyboard */ = {
			isa = PBXVariantGroup;
			children = (
				F91DCFD920A57F42003A4161 /* Base */,
			);
			name = Suup.storyboard;
			sourceTree = "<group>";
		};
		F91DCFDC20A5814A003A4161 /* Goaje.storyboard */ = {
			isa = PBXVariantGroup;
			children = (
				F91DCFDD20A5814A003A4161 /* Base */,
			);
			name = Goaje.storyboard;
			sourceTree = "<group>";
		};
		F96DFB9520A42E4300997614 /* Main.storyboard */ = {
			isa = PBXVariantGroup;
			children = (
				F96DFB9620A42E4300997614 /* Base */,
			);
			name = Main.storyboard;
			sourceTree = "<group>";
		};
		F96DFB9A20A42E4400997614 /* LaunchScreen.storyboard */ = {
			isa = PBXVariantGroup;
			children = (
				F96DFB9B20A42E4400997614 /* Base */,
			);
			name = LaunchScreen.storyboard;
			sourceTree = "<group>";
		};
/* End PBXVariantGroup section */

/* Begin XCBuildConfiguration section */
		F96DFB9E20A42E4400997614 /* Debug */ = {
			isa = XCBuildConfiguration;
			buildSettings = {
				ALWAYS_SEARCH_USER_PATHS = NO;
				CLANG_ANALYZER_NONNULL = YES;
				CLANG_ANALYZER_NUMBER_OBJECT_CONVERSION = YES_AGGRESSIVE;
				CLANG_CXX_LANGUAGE_STANDARD = "gnu++14";
				CLANG_CXX_LIBRARY = "libc++";
				CLANG_ENABLE_MODULES = YES;
				CLANG_ENABLE_OBJC_ARC = YES;
				CLANG_ENABLE_OBJC_WEAK = YES;
				CLANG_WARN_BLOCK_CAPTURE_AUTORELEASING = YES;
				CLANG_WARN_BOOL_CONVERSION = YES;
				CLANG_WARN_COMMA = YES;
				CLANG_WARN_CONSTANT_CONVERSION = YES;
				CLANG_WARN_DEPRECATED_OBJC_IMPLEMENTATIONS = YES;
				CLANG_WARN_DIRECT_OBJC_ISA_USAGE = YES_ERROR;
				CLANG_WARN_DOCUMENTATION_COMMENTS = YES;
				CLANG_WARN_EMPTY_BODY = YES;
				CLANG_WARN_ENUM_CONVERSION = YES;
				CLANG_WARN_INFINITE_RECURSION = YES;
				CLANG_WARN_INT_CONVERSION = YES;
				CLANG_WARN_NON_LITERAL_NULL_CONVERSION = YES;
				CLANG_WARN_OBJC_IMPLICIT_RETAIN_SELF = YES;
				CLANG_WARN_OBJC_LITERAL_CONVERSION = YES;
				CLANG_WARN_OBJC_ROOT_CLASS = YES_ERROR;
				CLANG_WARN_RANGE_LOOP_ANALYSIS = YES;
				CLANG_WARN_STRICT_PROTOTYPES = YES;
				CLANG_WARN_SUSPICIOUS_MOVE = YES;
				CLANG_WARN_UNGUARDED_AVAILABILITY = YES_AGGRESSIVE;
				CLANG_WARN_UNREACHABLE_CODE = YES;
				CLANG_WARN__DUPLICATE_METHOD_MATCH = YES;
				CODE_SIGN_IDENTITY = "iPhone Developer";
				COPY_PHASE_STRIP = NO;
				DEBUG_INFORMATION_FORMAT = dwarf;
				ENABLE_STRICT_OBJC_MSGSEND = YES;
				ENABLE_TESTABILITY = YES;
				GCC_C_LANGUAGE_STANDARD = gnu11;
				GCC_DYNAMIC_NO_PIC = NO;
				GCC_NO_COMMON_BLOCKS = YES;
				GCC_OPTIMIZATION_LEVEL = 0;
				GCC_PREPROCESSOR_DEFINITIONS = (
					"DEBUG=1",
					"$(inherited)",
				);
				GCC_WARN_64_TO_32_BIT_CONVERSION = YES;
				GCC_WARN_ABOUT_RETURN_TYPE = YES_ERROR;
				GCC_WARN_UNDECLARED_SELECTOR = YES;
				GCC_WARN_UNINITIALIZED_AUTOS = YES_AGGRESSIVE;
				GCC_WARN_UNUSED_FUNCTION = YES;
				GCC_WARN_UNUSED_VARIABLE = YES;
				IPHONEOS_DEPLOYMENT_TARGET = 11.3;
				MTL_ENABLE_DEBUG_INFO = YES;
				ONLY_ACTIVE_ARCH = YES;
				SDKROOT = iphoneos;
				SWIFT_ACTIVE_COMPILATION_CONDITIONS = DEBUG;
				SWIFT_OPTIMIZATION_LEVEL = "-Onone";
			};
			name = Debug;
		};
		F96DFB9F20A42E4400997614 /* Release */ = {
			isa = XCBuildConfiguration;
			buildSettings = {
				ALWAYS_SEARCH_USER_PATHS = NO;
				CLANG_ANALYZER_NONNULL = YES;
				CLANG_ANALYZER_NUMBER_OBJECT_CONVERSION = YES_AGGRESSIVE;
				CLANG_CXX_LANGUAGE_STANDARD = "gnu++14";
				CLANG_CXX_LIBRARY = "libc++";
				CLANG_ENABLE_MODULES = YES;
				CLANG_ENABLE_OBJC_ARC = YES;
				CLANG_ENABLE_OBJC_WEAK = YES;
				CLANG_WARN_BLOCK_CAPTURE_AUTORELEASING = YES;
				CLANG_WARN_BOOL_CONVERSION = YES;
				CLANG_WARN_COMMA = YES;
				CLANG_WARN_CONSTANT_CONVERSION = YES;
				CLANG_WARN_DEPRECATED_OBJC_IMPLEMENTATIONS = YES;
				CLANG_WARN_DIRECT_OBJC_ISA_USAGE = YES_ERROR;
				CLANG_WARN_DOCUMENTATION_COMMENTS = YES;
				CLANG_WARN_EMPTY_BODY = YES;
				CLANG_WARN_ENUM_CONVERSION = YES;
				CLANG_WARN_INFINITE_RECURSION = YES;
				CLANG_WARN_INT_CONVERSION = YES;
				CLANG_WARN_NON_LITERAL_NULL_CONVERSION = YES;
				CLANG_WARN_OBJC_IMPLICIT_RETAIN_SELF = YES;
				CLANG_WARN_OBJC_LITERAL_CONVERSION = YES;
				CLANG_WARN_OBJC_ROOT_CLASS = YES_ERROR;
				CLANG_WARN_RANGE_LOOP_ANALYSIS = YES;
				CLANG_WARN_STRICT_PROTOTYPES = YES;
				CLANG_WARN_SUSPICIOUS_MOVE = YES;
				CLANG_WARN_UNGUARDED_AVAILABILITY = YES_AGGRESSIVE;
				CLANG_WARN_UNREACHABLE_CODE = YES;
				CLANG_WARN__DUPLICATE_METHOD_MATCH = YES;
				CODE_SIGN_IDENTITY = "iPhone Developer";
				COPY_PHASE_STRIP = NO;
				DEBUG_INFORMATION_FORMAT = "dwarf-with-dsym";
				ENABLE_NS_ASSERTIONS = NO;
				ENABLE_STRICT_OBJC_MSGSEND = YES;
				GCC_C_LANGUAGE_STANDARD = gnu11;
				GCC_NO_COMMON_BLOCKS = YES;
				GCC_WARN_64_TO_32_BIT_CONVERSION = YES;
				GCC_WARN_ABOUT_RETURN_TYPE = YES_ERROR;
				GCC_WARN_UNDECLARED_SELECTOR = YES;
				GCC_WARN_UNINITIALIZED_AUTOS = YES_AGGRESSIVE;
				GCC_WARN_UNUSED_FUNCTION = YES;
				GCC_WARN_UNUSED_VARIABLE = YES;
				IPHONEOS_DEPLOYMENT_TARGET = 11.3;
				MTL_ENABLE_DEBUG_INFO = NO;
				SDKROOT = iphoneos;
				SWIFT_COMPILATION_MODE = wholemodule;
				SWIFT_OPTIMIZATION_LEVEL = "-O";
				VALIDATE_PRODUCT = YES;
			};
			name = Release;
		};
		F96DFBA120A42E4400997614 /* Debug */ = {
			isa = XCBuildConfiguration;
			baseConfigurationReference = CA3DD5FE608F5E983A631046 /* Pods-SmartHanYang.debug.xcconfig */;
			buildSettings = {
				ASSETCATALOG_COMPILER_APPICON_NAME = AppIcon;
				CODE_SIGN_STYLE = Automatic;
				DEVELOPMENT_TEAM = 2KRC6U6Q7S;
				INFOPLIST_FILE = SmartHanYang/Info.plist;
				LD_RUNPATH_SEARCH_PATHS = (
					"$(inherited)",
					"@executable_path/Frameworks",
				);
				PRODUCT_BUNDLE_IDENTIFIER = com.hanyang.graph.SmartHanYang;
				PRODUCT_NAME = "$(TARGET_NAME)";
				SWIFT_VERSION = 4.0;
				TARGETED_DEVICE_FAMILY = "1,2";
			};
			name = Debug;
		};
		F96DFBA220A42E4400997614 /* Release */ = {
			isa = XCBuildConfiguration;
			baseConfigurationReference = 88313F3567C407636023779F /* Pods-SmartHanYang.release.xcconfig */;
			buildSettings = {
				ASSETCATALOG_COMPILER_APPICON_NAME = AppIcon;
				CODE_SIGN_STYLE = Automatic;
				DEVELOPMENT_TEAM = 2KRC6U6Q7S;
				INFOPLIST_FILE = SmartHanYang/Info.plist;
				LD_RUNPATH_SEARCH_PATHS = (
					"$(inherited)",
					"@executable_path/Frameworks",
				);
				PRODUCT_BUNDLE_IDENTIFIER = com.hanyang.graph.SmartHanYang;
				PRODUCT_NAME = "$(TARGET_NAME)";
				SWIFT_VERSION = 4.0;
				TARGETED_DEVICE_FAMILY = "1,2";
			};
			name = Release;
		};
/* End XCBuildConfiguration section */

/* Begin XCConfigurationList section */
		F96DFB8920A42E4300997614 /* Build configuration list for PBXProject "SmartHanYang" */ = {
			isa = XCConfigurationList;
			buildConfigurations = (
				F96DFB9E20A42E4400997614 /* Debug */,
				F96DFB9F20A42E4400997614 /* Release */,
			);
			defaultConfigurationIsVisible = 0;
			defaultConfigurationName = Release;
		};
		F96DFBA020A42E4400997614 /* Build configuration list for PBXNativeTarget "SmartHanYang" */ = {
			isa = XCConfigurationList;
			buildConfigurations = (
				F96DFBA120A42E4400997614 /* Debug */,
				F96DFBA220A42E4400997614 /* Release */,
			);
			defaultConfigurationIsVisible = 0;
			defaultConfigurationName = Release;
		};
/* End XCConfigurationList section */
	};
	rootObject = F96DFB8620A42E4300997614 /* Project object */;
}
